// !$*UTF8*$!
{
	archiveVersion = 1;
	classes = {
	};
	objectVersion = 52;
	objects = {

/* Begin PBXAggregateTarget section */
		836097C02538DB93008CB79D /* All SwiftDOM */ = {
			isa = PBXAggregateTarget;
			buildConfigurationList = 836097C12538DB93008CB79D /* Build configuration list for PBXAggregateTarget "All SwiftDOM" */;
			buildPhases = (
			);
			dependencies = (
				836097C92538DBAF008CB79D /* PBXTargetDependency */,
				836097CB2538DBB1008CB79D /* PBXTargetDependency */,
				836097CD2538DBB3008CB79D /* PBXTargetDependency */,
			);
			name = "All SwiftDOM";
			productName = "All SwiftDOM";
		};
/* End PBXAggregateTarget section */

/* Begin PBXBuildFile section */
		1117D01B45D252B8B7837C1F /* EntityNode.swift in Sources */ = {isa = PBXBuildFile; fileRef = 1117D54C878CDD59B0711D05 /* EntityNode.swift */; };
		1117D05C6FE3DD7F1952D8EB /* TextNodeImpl.swift in Sources */ = {isa = PBXBuildFile; fileRef = 1117DBF3C565ED6C07AF4212 /* TextNodeImpl.swift */; };
		1117D069A07648477592B2A6 /* ChildNode.swift in Sources */ = {isa = PBXBuildFile; fileRef = 1117DEABD062030DA64FE844 /* ChildNode.swift */; };
		1117D0AB5EECDC2300066A50 /* CDataSectionNodeImpl.swift in Sources */ = {isa = PBXBuildFile; fileRef = 1117D8231A765E82CACE5284 /* CDataSectionNodeImpl.swift */; };
		1117D0D88DB33046058BA8B3 /* ElementNode.swift in Sources */ = {isa = PBXBuildFile; fileRef = 1117D06F753DC7218F7852BF /* ElementNode.swift */; };
		1117D1159231C860D7412D0B /* ProcessingInstructionNode.swift in Sources */ = {isa = PBXBuildFile; fileRef = 1117D1A89762E9E70F016C48 /* ProcessingInstructionNode.swift */; };
		1117D12EE0C8C0A1A18DAE69 /* ProcessingInstructionNodeImpl.swift in Sources */ = {isa = PBXBuildFile; fileRef = 1117DA7C2595B624A1929BF0 /* ProcessingInstructionNodeImpl.swift */; };
		1117D12F6D4A9186C869B7A8 /* CommentNodeImpl.swift in Sources */ = {isa = PBXBuildFile; fileRef = 1117DDDC53003FC4634388E2 /* CommentNodeImpl.swift */; };
		1117D15D8FA2021F3E0D0DD6 /* ParentNode.swift in Sources */ = {isa = PBXBuildFile; fileRef = 1117DEAAA7E011B1071D85BF /* ParentNode.swift */; };
		1117D171F01F85B9C71BD708 /* SwiftDOM.h in Headers */ = {isa = PBXBuildFile; fileRef = 1117D97616C45B5FB41CCFB8 /* SwiftDOM.h */; settings = {ATTRIBUTES = (Public, ); }; };
		1117D1788091171607D29296 /* EntityNodeImpl.swift in Sources */ = {isa = PBXBuildFile; fileRef = 1117D9E4F6FB25FF6E58AF72 /* EntityNodeImpl.swift */; };
		1117D2AC440C484FF6351A7E /* EntityRefNode.swift in Sources */ = {isa = PBXBuildFile; fileRef = 1117DFC2CE22157710CB2047 /* EntityRefNode.swift */; };
		1117D36FAF979A5DF9669DAE /* UserDataEvents.swift in Sources */ = {isa = PBXBuildFile; fileRef = 1117D7F872F7D3CDFC5AB462 /* UserDataEvents.swift */; };
		1117D37D31F62980067BBBE9 /* CharacterData.swift in Sources */ = {isa = PBXBuildFile; fileRef = 1117D8633C323787C310C99A /* CharacterData.swift */; };
		1117D39C35BE8A16D48F099E /* Node.swift in Sources */ = {isa = PBXBuildFile; fileRef = 1117D147EEBE155982A77EA3 /* Node.swift */; };
		1117D495D5AA35F43557CA1A /* CDataSectionNode.swift in Sources */ = {isa = PBXBuildFile; fileRef = 1117D385BAF48B39A99A7AB5 /* CDataSectionNode.swift */; };
		1117D49C09EE16CB0CA3FC58 /* NamespaceNode.swift in Sources */ = {isa = PBXBuildFile; fileRef = 1117DE1BB28201823BB638D5 /* NamespaceNode.swift */; };
		1117D5DC1F6F2A6E4BB51BF2 /* NamespaceSupport.swift in Sources */ = {isa = PBXBuildFile; fileRef = 1117DD99B1DF32E57574F484 /* NamespaceSupport.swift */; };
		1117D60641EAE0427A37F710 /* TextNode.swift in Sources */ = {isa = PBXBuildFile; fileRef = 1117D9A91A0911EDE95B3A0B /* TextNode.swift */; };
		1117D639BE496A3BD7B662C0 /* DOMLocatorImpl.swift in Sources */ = {isa = PBXBuildFile; fileRef = 1117D32D17ABD03A97DF6E42 /* DOMLocatorImpl.swift */; };
		1117D6744A09843C75DB0A2F /* ElementNodeList.swift in Sources */ = {isa = PBXBuildFile; fileRef = 1117D4CD01FE0386056FA845 /* ElementNodeList.swift */; };
		1117D78E7104787DE2A36789 /* Utils.swift in Sources */ = {isa = PBXBuildFile; fileRef = 1117D671E722C23CC87485FA /* Utils.swift */; };
		1117D7940498916B0462686D /* DocumentTypeNodeImpl.swift in Sources */ = {isa = PBXBuildFile; fileRef = 1117D6D4F2DA0F43814C0C51 /* DocumentTypeNodeImpl.swift */; };
		1117D81EA92CA2D2F8D510F2 /* NodeList.swift in Sources */ = {isa = PBXBuildFile; fileRef = 1117D1D69FBC96822726B3FF /* NodeList.swift */; };
		1117D84319C90889D765B4A3 /* AttributeNamedNodeMap.swift in Sources */ = {isa = PBXBuildFile; fileRef = 1117D3E9A2C27A757AC8ED2D /* AttributeNamedNodeMap.swift */; };
		1117D846CFD13C85A132FDCD /* NodeTypes.swift in Sources */ = {isa = PBXBuildFile; fileRef = 1117D8964582412341264D5E /* NodeTypes.swift */; };
		1117D95E308B243E09808EE9 /* NodeImpl.swift in Sources */ = {isa = PBXBuildFile; fileRef = 1117DCC71402DD8EE70821C0 /* NodeImpl.swift */; };
		1117D9DFAE1B0077349B5C3B /* CommentNode.swift in Sources */ = {isa = PBXBuildFile; fileRef = 1117DAEC3007DC5B77A31062 /* CommentNode.swift */; };
		1117DA60B8A593150771CE82 /* NotationNodeImpl.swift in Sources */ = {isa = PBXBuildFile; fileRef = 1117D0225F50C3DBE62FE052 /* NotationNodeImpl.swift */; };
		1117DA729AB01B0A6D60DB7B /* DocumentType.swift in Sources */ = {isa = PBXBuildFile; fileRef = 1117DD08869F7024273DDAFF /* DocumentType.swift */; };
		1117DA87254460D7A784574E /* DocumentFragmentNodeImpl.swift in Sources */ = {isa = PBXBuildFile; fileRef = 1117DFE6FE355D9276769824 /* DocumentFragmentNodeImpl.swift */; };
		1117DB12FD608A3733F23370 /* DocumentNode.swift in Sources */ = {isa = PBXBuildFile; fileRef = 1117DB9F9C236E4F950AD3B8 /* DocumentNode.swift */; };
		1117DB2692B4BA59E4F043F9 /* AnyNode.swift in Sources */ = {isa = PBXBuildFile; fileRef = 1117D9C3BB7047C54A3F4FE8 /* AnyNode.swift */; };
		1117DC6ACEB353BA541C634E /* NotationNode.swift in Sources */ = {isa = PBXBuildFile; fileRef = 1117DD2AE325632EF9DF5B06 /* NotationNode.swift */; };
		1117DC6B9BB7DF7C9F649E2B /* AttributeNode.swift in Sources */ = {isa = PBXBuildFile; fileRef = 1117D7963AD5A2500E71628D /* AttributeNode.swift */; };
		1117DC85F3C204D4C82F0909 /* UserDataInfo.swift in Sources */ = {isa = PBXBuildFile; fileRef = 1117D750FC3C21F09DB762A0 /* UserDataInfo.swift */; };
		1117DDD2ABA1030191F7307F /* TypeInfo.swift in Sources */ = {isa = PBXBuildFile; fileRef = 1117D523AC1B94BAE6E699E7 /* TypeInfo.swift */; };
		1117DDE380889D928E763B84 /* EntityRefNodeImpl.swift in Sources */ = {isa = PBXBuildFile; fileRef = 1117D12890757BD43DB86BE0 /* EntityRefNodeImpl.swift */; };
		1117DED61AED4F5DDEFF4493 /* AttributeNodeImpl.swift in Sources */ = {isa = PBXBuildFile; fileRef = 1117D6B114CE891F74CF31C0 /* AttributeNodeImpl.swift */; };
		1117DF17498E1A27928E13C7 /* DOMLocator.swift in Sources */ = {isa = PBXBuildFile; fileRef = 1117D322A8C012C3A36F6B4E /* DOMLocator.swift */; };
		1117DF2561E31CDB32D1DC54 /* DocumentFragmentNode.swift in Sources */ = {isa = PBXBuildFile; fileRef = 1117DAC7DE36D462354C99F9 /* DocumentFragmentNode.swift */; };
		1117DF292C53965DE4A77D88 /* LiveNodeList.swift in Sources */ = {isa = PBXBuildFile; fileRef = 1117D655F8F0BE6B307BD3BE /* LiveNodeList.swift */; };
		1117DF4DCC068C24D1738C8B /* TypeDerivation.swift in Sources */ = {isa = PBXBuildFile; fileRef = 1117DA1741BDF80AF66AB528 /* TypeDerivation.swift */; };
		1117DF817215F208C2EFE71E /* NamedNodeMap.swift in Sources */ = {isa = PBXBuildFile; fileRef = 1117DB8259887B540CC12831 /* NamedNodeMap.swift */; };
		1117DFCEF5DE8ACDB0E0F4D1 /* DocumentNodeImpl.swift in Sources */ = {isa = PBXBuildFile; fileRef = 1117D3409E125C84A9648920 /* DocumentNodeImpl.swift */; };
		1117DFD38138DAB16E247859 /* ElementNodeImpl.swift in Sources */ = {isa = PBXBuildFile; fileRef = 1117D41FB44D1CED6095D229 /* ElementNodeImpl.swift */; };
		836097B02538DA7B008CB79D /* main.swift in Sources */ = {isa = PBXBuildFile; fileRef = 836097AF2538DA7B008CB79D /* main.swift */; };
		83BB029A2537E67200834BF5 /* SwiftDOM.framework in Frameworks */ = {isa = PBXBuildFile; fileRef = 83BB02902537E67200834BF5 /* SwiftDOM.framework */; };
		83BB029F2537E67200834BF5 /* SwiftDOMTests.swift in Sources */ = {isa = PBXBuildFile; fileRef = 83BB029E2537E67200834BF5 /* SwiftDOMTests.swift */; };
/* End PBXBuildFile section */

/* Begin PBXContainerItemProxy section */
		836097BE2538DB63008CB79D /* PBXContainerItemProxy */ = {
			isa = PBXContainerItemProxy;
			containerPortal = 83BB02872537E67200834BF5 /* Project object */;
			proxyType = 1;
			remoteGlobalIDString = 83BB028F2537E67200834BF5;
			remoteInfo = SwiftDOM;
		};
		836097C82538DBAF008CB79D /* PBXContainerItemProxy */ = {
			isa = PBXContainerItemProxy;
			containerPortal = 83BB02872537E67200834BF5 /* Project object */;
			proxyType = 1;
			remoteGlobalIDString = 83BB028F2537E67200834BF5;
			remoteInfo = SwiftDOM;
		};
		836097CA2538DBB1008CB79D /* PBXContainerItemProxy */ = {
			isa = PBXContainerItemProxy;
			containerPortal = 83BB02872537E67200834BF5 /* Project object */;
			proxyType = 1;
			remoteGlobalIDString = 83BB02982537E67200834BF5;
			remoteInfo = SwiftDOMTests;
		};
		836097CC2538DBB3008CB79D /* PBXContainerItemProxy */ = {
			isa = PBXContainerItemProxy;
			containerPortal = 83BB02872537E67200834BF5 /* Project object */;
			proxyType = 1;
			remoteGlobalIDString = 836097AC2538DA7B008CB79D;
			remoteInfo = DocFixer;
		};
		83BB029B2537E67200834BF5 /* PBXContainerItemProxy */ = {
			isa = PBXContainerItemProxy;
			containerPortal = 83BB02872537E67200834BF5 /* Project object */;
			proxyType = 1;
			remoteGlobalIDString = 83BB028F2537E67200834BF5;
			remoteInfo = SwiftDOM;
		};
/* End PBXContainerItemProxy section */

/* Begin PBXCopyFilesBuildPhase section */
		836097AB2538DA7B008CB79D /* CopyFiles */ = {
			isa = PBXCopyFilesBuildPhase;
			buildActionMask = 2147483647;
			dstPath = /usr/share/man/man1/;
			dstSubfolderSpec = 0;
			files = (
			);
			runOnlyForDeploymentPostprocessing = 1;
		};
/* End PBXCopyFilesBuildPhase section */

/* Begin PBXFileReference section */
		1117D00DAAEC3DEB3C7B9FB9 /* Info.plist */ = {isa = PBXFileReference; fileEncoding = 4; lastKnownFileType = text.plist.info; path = Info.plist; sourceTree = "<group>"; };
		1117D0225F50C3DBE62FE052 /* NotationNodeImpl.swift */ = {isa = PBXFileReference; fileEncoding = 4; lastKnownFileType = sourcecode.swift; path = NotationNodeImpl.swift; sourceTree = "<group>"; };
		1117D06F753DC7218F7852BF /* ElementNode.swift */ = {isa = PBXFileReference; fileEncoding = 4; lastKnownFileType = sourcecode.swift; path = ElementNode.swift; sourceTree = "<group>"; };
		1117D12890757BD43DB86BE0 /* EntityRefNodeImpl.swift */ = {isa = PBXFileReference; fileEncoding = 4; lastKnownFileType = sourcecode.swift; path = EntityRefNodeImpl.swift; sourceTree = "<group>"; };
		1117D147EEBE155982A77EA3 /* Node.swift */ = {isa = PBXFileReference; fileEncoding = 4; lastKnownFileType = sourcecode.swift; path = Node.swift; sourceTree = "<group>"; };
		1117D1A89762E9E70F016C48 /* ProcessingInstructionNode.swift */ = {isa = PBXFileReference; fileEncoding = 4; lastKnownFileType = sourcecode.swift; path = ProcessingInstructionNode.swift; sourceTree = "<group>"; };
		1117D1D69FBC96822726B3FF /* NodeList.swift */ = {isa = PBXFileReference; fileEncoding = 4; lastKnownFileType = sourcecode.swift; path = NodeList.swift; sourceTree = "<group>"; };
		1117D28C9A036B7081440ED7 /* .gitignore */ = {isa = PBXFileReference; lastKnownFileType = file.gitignore; path = .gitignore; sourceTree = "<group>"; };
		1117D322A8C012C3A36F6B4E /* DOMLocator.swift */ = {isa = PBXFileReference; fileEncoding = 4; lastKnownFileType = sourcecode.swift; path = DOMLocator.swift; sourceTree = "<group>"; };
		1117D32D17ABD03A97DF6E42 /* DOMLocatorImpl.swift */ = {isa = PBXFileReference; fileEncoding = 4; lastKnownFileType = sourcecode.swift; path = DOMLocatorImpl.swift; sourceTree = "<group>"; };
		1117D3409E125C84A9648920 /* DocumentNodeImpl.swift */ = {isa = PBXFileReference; fileEncoding = 4; lastKnownFileType = sourcecode.swift; path = DocumentNodeImpl.swift; sourceTree = "<group>"; };
		1117D385BAF48B39A99A7AB5 /* CDataSectionNode.swift */ = {isa = PBXFileReference; fileEncoding = 4; lastKnownFileType = sourcecode.swift; path = CDataSectionNode.swift; sourceTree = "<group>"; };
		1117D3E9A2C27A757AC8ED2D /* AttributeNamedNodeMap.swift */ = {isa = PBXFileReference; fileEncoding = 4; lastKnownFileType = sourcecode.swift; path = AttributeNamedNodeMap.swift; sourceTree = "<group>"; };
		1117D41FB44D1CED6095D229 /* ElementNodeImpl.swift */ = {isa = PBXFileReference; fileEncoding = 4; lastKnownFileType = sourcecode.swift; path = ElementNodeImpl.swift; sourceTree = "<group>"; };
		1117D4CD01FE0386056FA845 /* ElementNodeList.swift */ = {isa = PBXFileReference; fileEncoding = 4; lastKnownFileType = sourcecode.swift; path = ElementNodeList.swift; sourceTree = "<group>"; };
		1117D523AC1B94BAE6E699E7 /* TypeInfo.swift */ = {isa = PBXFileReference; fileEncoding = 4; lastKnownFileType = sourcecode.swift; path = TypeInfo.swift; sourceTree = "<group>"; };
		1117D54C878CDD59B0711D05 /* EntityNode.swift */ = {isa = PBXFileReference; fileEncoding = 4; lastKnownFileType = sourcecode.swift; path = EntityNode.swift; sourceTree = "<group>"; };
		1117D655F8F0BE6B307BD3BE /* LiveNodeList.swift */ = {isa = PBXFileReference; fileEncoding = 4; lastKnownFileType = sourcecode.swift; path = LiveNodeList.swift; sourceTree = "<group>"; };
		1117D671E722C23CC87485FA /* Utils.swift */ = {isa = PBXFileReference; fileEncoding = 4; lastKnownFileType = sourcecode.swift; path = Utils.swift; sourceTree = "<group>"; };
		1117D6B114CE891F74CF31C0 /* AttributeNodeImpl.swift */ = {isa = PBXFileReference; fileEncoding = 4; lastKnownFileType = sourcecode.swift; path = AttributeNodeImpl.swift; sourceTree = "<group>"; };
		1117D6D4F2DA0F43814C0C51 /* DocumentTypeNodeImpl.swift */ = {isa = PBXFileReference; fileEncoding = 4; lastKnownFileType = sourcecode.swift; path = DocumentTypeNodeImpl.swift; sourceTree = "<group>"; };
		1117D750FC3C21F09DB762A0 /* UserDataInfo.swift */ = {isa = PBXFileReference; fileEncoding = 4; lastKnownFileType = sourcecode.swift; path = UserDataInfo.swift; sourceTree = "<group>"; };
		1117D7963AD5A2500E71628D /* AttributeNode.swift */ = {isa = PBXFileReference; fileEncoding = 4; lastKnownFileType = sourcecode.swift; path = AttributeNode.swift; sourceTree = "<group>"; };
		1117D799446075FCC97979A4 /* .jazzy.yaml */ = {isa = PBXFileReference; fileEncoding = 4; lastKnownFileType = text.yaml; path = .jazzy.yaml; sourceTree = "<group>"; };
		1117D7F872F7D3CDFC5AB462 /* UserDataEvents.swift */ = {isa = PBXFileReference; fileEncoding = 4; lastKnownFileType = sourcecode.swift; path = UserDataEvents.swift; sourceTree = "<group>"; };
		1117D8231A765E82CACE5284 /* CDataSectionNodeImpl.swift */ = {isa = PBXFileReference; fileEncoding = 4; lastKnownFileType = sourcecode.swift; path = CDataSectionNodeImpl.swift; sourceTree = "<group>"; };
		1117D8633C323787C310C99A /* CharacterData.swift */ = {isa = PBXFileReference; fileEncoding = 4; lastKnownFileType = sourcecode.swift; path = CharacterData.swift; sourceTree = "<group>"; };
		1117D8964582412341264D5E /* NodeTypes.swift */ = {isa = PBXFileReference; fileEncoding = 4; lastKnownFileType = sourcecode.swift; path = NodeTypes.swift; sourceTree = "<group>"; };
		1117D97616C45B5FB41CCFB8 /* SwiftDOM.h */ = {isa = PBXFileReference; fileEncoding = 4; lastKnownFileType = sourcecode.c.h; path = SwiftDOM.h; sourceTree = "<group>"; };
		1117D9A91A0911EDE95B3A0B /* TextNode.swift */ = {isa = PBXFileReference; fileEncoding = 4; lastKnownFileType = sourcecode.swift; path = TextNode.swift; sourceTree = "<group>"; };
		1117D9C3BB7047C54A3F4FE8 /* AnyNode.swift */ = {isa = PBXFileReference; fileEncoding = 4; lastKnownFileType = sourcecode.swift; path = AnyNode.swift; sourceTree = "<group>"; };
		1117D9E4F6FB25FF6E58AF72 /* EntityNodeImpl.swift */ = {isa = PBXFileReference; fileEncoding = 4; lastKnownFileType = sourcecode.swift; path = EntityNodeImpl.swift; sourceTree = "<group>"; };
		1117DA1741BDF80AF66AB528 /* TypeDerivation.swift */ = {isa = PBXFileReference; fileEncoding = 4; lastKnownFileType = sourcecode.swift; path = TypeDerivation.swift; sourceTree = "<group>"; };
		1117DA7C2595B624A1929BF0 /* ProcessingInstructionNodeImpl.swift */ = {isa = PBXFileReference; fileEncoding = 4; lastKnownFileType = sourcecode.swift; path = ProcessingInstructionNodeImpl.swift; sourceTree = "<group>"; };
		1117DAC7DE36D462354C99F9 /* DocumentFragmentNode.swift */ = {isa = PBXFileReference; fileEncoding = 4; lastKnownFileType = sourcecode.swift; path = DocumentFragmentNode.swift; sourceTree = "<group>"; };
		1117DAEC3007DC5B77A31062 /* CommentNode.swift */ = {isa = PBXFileReference; fileEncoding = 4; lastKnownFileType = sourcecode.swift; path = CommentNode.swift; sourceTree = "<group>"; };
		1117DB8259887B540CC12831 /* NamedNodeMap.swift */ = {isa = PBXFileReference; fileEncoding = 4; lastKnownFileType = sourcecode.swift; path = NamedNodeMap.swift; sourceTree = "<group>"; };
		1117DB9F9C236E4F950AD3B8 /* DocumentNode.swift */ = {isa = PBXFileReference; fileEncoding = 4; lastKnownFileType = sourcecode.swift; path = DocumentNode.swift; sourceTree = "<group>"; };
		1117DBF3C565ED6C07AF4212 /* TextNodeImpl.swift */ = {isa = PBXFileReference; fileEncoding = 4; lastKnownFileType = sourcecode.swift; path = TextNodeImpl.swift; sourceTree = "<group>"; };
		1117DC968621B8A84EB4D43B /* Package.swift */ = {isa = PBXFileReference; fileEncoding = 4; lastKnownFileType = sourcecode.swift; path = Package.swift; sourceTree = "<group>"; };
		1117DCC71402DD8EE70821C0 /* NodeImpl.swift */ = {isa = PBXFileReference; fileEncoding = 4; lastKnownFileType = sourcecode.swift; path = NodeImpl.swift; sourceTree = "<group>"; };
		1117DD08869F7024273DDAFF /* DocumentType.swift */ = {isa = PBXFileReference; fileEncoding = 4; lastKnownFileType = sourcecode.swift; path = DocumentType.swift; sourceTree = "<group>"; };
		1117DD2AE325632EF9DF5B06 /* NotationNode.swift */ = {isa = PBXFileReference; fileEncoding = 4; lastKnownFileType = sourcecode.swift; path = NotationNode.swift; sourceTree = "<group>"; };
		1117DD99B1DF32E57574F484 /* NamespaceSupport.swift */ = {isa = PBXFileReference; fileEncoding = 4; lastKnownFileType = sourcecode.swift; path = NamespaceSupport.swift; sourceTree = "<group>"; };
		1117DDDC53003FC4634388E2 /* CommentNodeImpl.swift */ = {isa = PBXFileReference; fileEncoding = 4; lastKnownFileType = sourcecode.swift; path = CommentNodeImpl.swift; sourceTree = "<group>"; };
		1117DE1BB28201823BB638D5 /* NamespaceNode.swift */ = {isa = PBXFileReference; fileEncoding = 4; lastKnownFileType = sourcecode.swift; path = NamespaceNode.swift; sourceTree = "<group>"; };
		1117DEAAA7E011B1071D85BF /* ParentNode.swift */ = {isa = PBXFileReference; fileEncoding = 4; lastKnownFileType = sourcecode.swift; path = ParentNode.swift; sourceTree = "<group>"; };
		1117DEABD062030DA64FE844 /* ChildNode.swift */ = {isa = PBXFileReference; fileEncoding = 4; lastKnownFileType = sourcecode.swift; path = ChildNode.swift; sourceTree = "<group>"; };
		1117DED6F9C3006FE54DE3AF /* LICENSE */ = {isa = PBXFileReference; fileEncoding = 4; lastKnownFileType = text; path = LICENSE; sourceTree = "<group>"; };
		1117DFC2CE22157710CB2047 /* EntityRefNode.swift */ = {isa = PBXFileReference; fileEncoding = 4; lastKnownFileType = sourcecode.swift; path = EntityRefNode.swift; sourceTree = "<group>"; };
		1117DFE6FE355D9276769824 /* DocumentFragmentNodeImpl.swift */ = {isa = PBXFileReference; fileEncoding = 4; lastKnownFileType = sourcecode.swift; path = DocumentFragmentNodeImpl.swift; sourceTree = "<group>"; };
		836097AD2538DA7B008CB79D /* DocFixer */ = {isa = PBXFileReference; explicitFileType = "compiled.mach-o.executable"; includeInIndex = 0; path = DocFixer; sourceTree = BUILT_PRODUCTS_DIR; };
		836097AF2538DA7B008CB79D /* main.swift */ = {isa = PBXFileReference; lastKnownFileType = sourcecode.swift; path = main.swift; sourceTree = "<group>"; };
		83BB02902537E67200834BF5 /* SwiftDOM.framework */ = {isa = PBXFileReference; explicitFileType = wrapper.framework; includeInIndex = 0; path = SwiftDOM.framework; sourceTree = BUILT_PRODUCTS_DIR; };
		83BB02992537E67200834BF5 /* SwiftDOMTests.xctest */ = {isa = PBXFileReference; explicitFileType = wrapper.cfbundle; includeInIndex = 0; path = SwiftDOMTests.xctest; sourceTree = BUILT_PRODUCTS_DIR; };
		83BB029E2537E67200834BF5 /* SwiftDOMTests.swift */ = {isa = PBXFileReference; lastKnownFileType = sourcecode.swift; path = SwiftDOMTests.swift; sourceTree = "<group>"; };
		83BB02A02537E67200834BF5 /* Info.plist */ = {isa = PBXFileReference; lastKnownFileType = text.plist.xml; path = Info.plist; sourceTree = "<group>"; };
		83BB02BB2537E7BF00834BF5 /* LinuxMain.swift */ = {isa = PBXFileReference; lastKnownFileType = sourcecode.swift; path = LinuxMain.swift; sourceTree = "<group>"; };
		83BB02BC2537E88E00834BF5 /* README.md */ = {isa = PBXFileReference; fileEncoding = 4; lastKnownFileType = net.daringfireball.markdown; path = README.md; sourceTree = "<group>"; };
/* End PBXFileReference section */

/* Begin PBXFrameworksBuildPhase section */
		836097AA2538DA7B008CB79D /* Frameworks */ = {
			isa = PBXFrameworksBuildPhase;
			buildActionMask = 2147483647;
			files = (
			);
			runOnlyForDeploymentPostprocessing = 0;
		};
		83BB028D2537E67200834BF5 /* Frameworks */ = {
			isa = PBXFrameworksBuildPhase;
			buildActionMask = 2147483647;
			files = (
			);
			runOnlyForDeploymentPostprocessing = 0;
		};
		83BB02962537E67200834BF5 /* Frameworks */ = {
			isa = PBXFrameworksBuildPhase;
			buildActionMask = 2147483647;
			files = (
				83BB029A2537E67200834BF5 /* SwiftDOM.framework in Frameworks */,
			);
			runOnlyForDeploymentPostprocessing = 0;
		};
/* End PBXFrameworksBuildPhase section */

/* Begin PBXGroup section */
		1117D030FBDB1E45115FF029 /* Intermediate */ = {
			isa = PBXGroup;
			children = (
				1117DEABD062030DA64FE844 /* ChildNode.swift */,
				1117DE1BB28201823BB638D5 /* NamespaceNode.swift */,
				1117DEAAA7E011B1071D85BF /* ParentNode.swift */,
			);
			path = Intermediate;
			sourceTree = "<group>";
		};
		1117D225045D53FEBD3C76E2 /* Implementation */ = {
			isa = PBXGroup;
			children = (
				1117DF086E09859B10688184 /* Nodes */,
				1117DF7B396D89C009F3632A /* DTD */,
				1117D3851DFA6A4F2D20A21B /* Collections */,
				1117D32D17ABD03A97DF6E42 /* DOMLocatorImpl.swift */,
				1117D750FC3C21F09DB762A0 /* UserDataInfo.swift */,
				1117D671E722C23CC87485FA /* Utils.swift */,
				1117DA7C2595B624A1929BF0 /* ProcessingInstructionNodeImpl.swift */,
			);
			path = Implementation;
			sourceTree = "<group>";
		};
		1117D2593F3D7BA56437260F /* DTD */ = {
			isa = PBXGroup;
			children = (
				1117D523AC1B94BAE6E699E7 /* TypeInfo.swift */,
				1117DA1741BDF80AF66AB528 /* TypeDerivation.swift */,
				1117DD2AE325632EF9DF5B06 /* NotationNode.swift */,
				1117D54C878CDD59B0711D05 /* EntityNode.swift */,
				1117DD08869F7024273DDAFF /* DocumentType.swift */,
			);
			path = DTD;
			sourceTree = "<group>";
		};
		1117D35BE67C8E3043018AA7 /* Protocols */ = {
			isa = PBXGroup;
			children = (
				1117D322A8C012C3A36F6B4E /* DOMLocator.swift */,
				1117D2593F3D7BA56437260F /* DTD */,
				1117D43AA1517001559299D4 /* Nodes */,
				1117DF08D301693F18E8937B /* Collections */,
			);
			path = Protocols;
			sourceTree = "<group>";
		};
		1117D3851DFA6A4F2D20A21B /* Collections */ = {
			isa = PBXGroup;
			children = (
				1117D4CD01FE0386056FA845 /* ElementNodeList.swift */,
				1117D655F8F0BE6B307BD3BE /* LiveNodeList.swift */,
				1117D3E9A2C27A757AC8ED2D /* AttributeNamedNodeMap.swift */,
			);
			path = Collections;
			sourceTree = "<group>";
		};
		1117D4080997667710DA0292 /* Elements */ = {
			isa = PBXGroup;
			children = (
				1117D7963AD5A2500E71628D /* AttributeNode.swift */,
				1117D06F753DC7218F7852BF /* ElementNode.swift */,
			);
			path = Elements;
			sourceTree = "<group>";
		};
		1117D43AA1517001559299D4 /* Nodes */ = {
			isa = PBXGroup;
			children = (
				1117D147EEBE155982A77EA3 /* Node.swift */,
				1117D71AE6E183C59949570A /* Text */,
				1117D9C3BB7047C54A3F4FE8 /* AnyNode.swift */,
				1117DFC1D26F3FA32D7217D3 /* Document */,
				1117D4080997667710DA0292 /* Elements */,
				1117D9F85EA19C418CAA4811 /* Other */,
			);
			path = Nodes;
			sourceTree = "<group>";
		};
		1117D71AE6E183C59949570A /* Text */ = {
			isa = PBXGroup;
			children = (
				1117D9A91A0911EDE95B3A0B /* TextNode.swift */,
				1117DAEC3007DC5B77A31062 /* CommentNode.swift */,
				1117D385BAF48B39A99A7AB5 /* CDataSectionNode.swift */,
				1117D8633C323787C310C99A /* CharacterData.swift */,
				1117DFC2CE22157710CB2047 /* EntityRefNode.swift */,
			);
			path = Text;
			sourceTree = "<group>";
		};
		1117D9F85EA19C418CAA4811 /* Other */ = {
			isa = PBXGroup;
			children = (
				1117D1A89762E9E70F016C48 /* ProcessingInstructionNode.swift */,
			);
			path = Other;
			sourceTree = "<group>";
		};
		1117DAFDCF8502C034CCCC13 /* Document */ = {
			isa = PBXGroup;
			children = (
				1117D3409E125C84A9648920 /* DocumentNodeImpl.swift */,
				1117DFE6FE355D9276769824 /* DocumentFragmentNodeImpl.swift */,
			);
			path = Document;
			sourceTree = "<group>";
		};
		1117DC6B7C98DE37AF2EFC7B /* Other */ = {
			isa = PBXGroup;
			children = (
				1117D28C9A036B7081440ED7 /* .gitignore */,
				1117DC968621B8A84EB4D43B /* Package.swift */,
				1117DED6F9C3006FE54DE3AF /* LICENSE */,
				1117D799446075FCC97979A4 /* .jazzy.yaml */,
			);
			name = Other;
			sourceTree = "<group>";
		};
		1117DF086E09859B10688184 /* Nodes */ = {
			isa = PBXGroup;
			children = (
				1117DCC71402DD8EE70821C0 /* NodeImpl.swift */,
				1117D41FB44D1CED6095D229 /* ElementNodeImpl.swift */,
				1117D6B114CE891F74CF31C0 /* AttributeNodeImpl.swift */,
				1117D030FBDB1E45115FF029 /* Intermediate */,
				1117DFFA44E252DB0E9985C7 /* Text */,
				1117DAFDCF8502C034CCCC13 /* Document */,
			);
			path = Nodes;
			sourceTree = "<group>";
		};
		1117DF08D301693F18E8937B /* Collections */ = {
			isa = PBXGroup;
			children = (
				1117DB8259887B540CC12831 /* NamedNodeMap.swift */,
				1117D1D69FBC96822726B3FF /* NodeList.swift */,
			);
			path = Collections;
			sourceTree = "<group>";
		};
		1117DF7B396D89C009F3632A /* DTD */ = {
			isa = PBXGroup;
			children = (
				1117D6D4F2DA0F43814C0C51 /* DocumentTypeNodeImpl.swift */,
				1117D9E4F6FB25FF6E58AF72 /* EntityNodeImpl.swift */,
				1117D0225F50C3DBE62FE052 /* NotationNodeImpl.swift */,
			);
			path = DTD;
			sourceTree = "<group>";
		};
		1117DFC1D26F3FA32D7217D3 /* Document */ = {
			isa = PBXGroup;
			children = (
				1117DB9F9C236E4F950AD3B8 /* DocumentNode.swift */,
				1117DAC7DE36D462354C99F9 /* DocumentFragmentNode.swift */,
			);
			path = Document;
			sourceTree = "<group>";
		};
		1117DFDDAAB65BCB7A43160F /* Other */ = {
			isa = PBXGroup;
			children = (
				1117D97616C45B5FB41CCFB8 /* SwiftDOM.h */,
				1117D00DAAEC3DEB3C7B9FB9 /* Info.plist */,
			);
			name = Other;
			sourceTree = "<group>";
		};
		1117DFFA44E252DB0E9985C7 /* Text */ = {
			isa = PBXGroup;
			children = (
				1117DBF3C565ED6C07AF4212 /* TextNodeImpl.swift */,
				1117D8231A765E82CACE5284 /* CDataSectionNodeImpl.swift */,
				1117DDDC53003FC4634388E2 /* CommentNodeImpl.swift */,
				1117D12890757BD43DB86BE0 /* EntityRefNodeImpl.swift */,
			);
			path = Text;
			sourceTree = "<group>";
		};
		836097B72538DA86008CB79D /* DocFixer */ = {
			isa = PBXGroup;
			children = (
				836097AF2538DA7B008CB79D /* main.swift */,
			);
			path = DocFixer;
			sourceTree = "<group>";
		};
		83BB02862537E67200834BF5 = {
			isa = PBXGroup;
			children = (
				83BB02B22537E74600834BF5 /* Tests */,
				83BB02B12537E71F00834BF5 /* Sources */,
				83BB02BC2537E88E00834BF5 /* README.md */,
				83BB02912537E67200834BF5 /* Products */,
				1117DC6B7C98DE37AF2EFC7B /* Other */,
			);
			sourceTree = "<group>";
		};
		83BB02912537E67200834BF5 /* Products */ = {
			isa = PBXGroup;
			children = (
				83BB02902537E67200834BF5 /* SwiftDOM.framework */,
				83BB02992537E67200834BF5 /* SwiftDOMTests.xctest */,
				836097AD2538DA7B008CB79D /* DocFixer */,
			);
			name = Products;
			sourceTree = "<group>";
		};
		83BB02922537E67200834BF5 /* SwiftDOM */ = {
			isa = PBXGroup;
			children = (
				1117D35BE67C8E3043018AA7 /* Protocols */,
				1117D225045D53FEBD3C76E2 /* Implementation */,
				1117DD99B1DF32E57574F484 /* NamespaceSupport.swift */,
				1117D8964582412341264D5E /* NodeTypes.swift */,
				1117D7F872F7D3CDFC5AB462 /* UserDataEvents.swift */,
				1117DFDDAAB65BCB7A43160F /* Other */,
			);
			path = SwiftDOM;
			sourceTree = "<group>";
		};
		83BB029D2537E67200834BF5 /* SwiftDOMTests */ = {
			isa = PBXGroup;
			children = (
				83BB029E2537E67200834BF5 /* SwiftDOMTests.swift */,
				83BB02A02537E67200834BF5 /* Info.plist */,
			);
			path = SwiftDOMTests;
			sourceTree = "<group>";
		};
		83BB02B12537E71F00834BF5 /* Sources */ = {
			isa = PBXGroup;
			children = (
				836097B72538DA86008CB79D /* DocFixer */,
				83BB02922537E67200834BF5 /* SwiftDOM */,
			);
			path = Sources;
			sourceTree = "<group>";
		};
		83BB02B22537E74600834BF5 /* Tests */ = {
			isa = PBXGroup;
			children = (
				83BB02BB2537E7BF00834BF5 /* LinuxMain.swift */,
				83BB029D2537E67200834BF5 /* SwiftDOMTests */,
			);
			path = Tests;
			sourceTree = "<group>";
		};
/* End PBXGroup section */

/* Begin PBXHeadersBuildPhase section */
		83BB028B2537E67200834BF5 /* Headers */ = {
			isa = PBXHeadersBuildPhase;
			buildActionMask = 2147483647;
			files = (
				1117D171F01F85B9C71BD708 /* SwiftDOM.h in Headers */,
			);
			runOnlyForDeploymentPostprocessing = 0;
		};
/* End PBXHeadersBuildPhase section */

/* Begin PBXNativeTarget section */
		836097AC2538DA7B008CB79D /* DocFixer */ = {
			isa = PBXNativeTarget;
			buildConfigurationList = 836097B12538DA7B008CB79D /* Build configuration list for PBXNativeTarget "DocFixer" */;
			buildPhases = (
				836097A92538DA7B008CB79D /* Sources */,
				836097AA2538DA7B008CB79D /* Frameworks */,
				836097AB2538DA7B008CB79D /* CopyFiles */,
			);
			buildRules = (
			);
			dependencies = (
				836097BF2538DB63008CB79D /* PBXTargetDependency */,
			);
			name = DocFixer;
			packageProductDependencies = (
				836097B92538DB49008CB79D,
			);
			productName = DocFixer;
			productReference = 836097AD2538DA7B008CB79D /* DocFixer */;
			productType = "com.apple.product-type.tool";
		};
		83BB028F2537E67200834BF5 /* SwiftDOM */ = {
			isa = PBXNativeTarget;
			buildConfigurationList = 83BB02A42537E67200834BF5 /* Build configuration list for PBXNativeTarget "SwiftDOM" */;
			buildPhases = (
				83BB028B2537E67200834BF5 /* Headers */,
				83BB028C2537E67200834BF5 /* Sources */,
				83BB028D2537E67200834BF5 /* Frameworks */,
				83BB028E2537E67200834BF5 /* Resources */,
			);
			buildRules = (
			);
			dependencies = (
			);
			name = SwiftDOM;
			packageProductDependencies = (
				83BB02AD2537E6D200834BF5,
			);
			productName = SwiftDOM;
			productReference = 83BB02902537E67200834BF5 /* SwiftDOM.framework */;
			productType = "com.apple.product-type.framework";
		};
		83BB02982537E67200834BF5 /* SwiftDOMTests */ = {
			isa = PBXNativeTarget;
			buildConfigurationList = 83BB02A72537E67200834BF5 /* Build configuration list for PBXNativeTarget "SwiftDOMTests" */;
			buildPhases = (
				83BB02952537E67200834BF5 /* Sources */,
				83BB02962537E67200834BF5 /* Frameworks */,
				83BB02972537E67200834BF5 /* Resources */,
			);
			buildRules = (
			);
			dependencies = (
				83BB029C2537E67200834BF5 /* PBXTargetDependency */,
			);
			name = SwiftDOMTests;
			productName = SwiftDOMTests;
			productReference = 83BB02992537E67200834BF5 /* SwiftDOMTests.xctest */;
			productType = "com.apple.product-type.bundle.unit-test";
		};
/* End PBXNativeTarget section */

/* Begin PBXProject section */
		83BB02872537E67200834BF5 /* Project object */ = {
			isa = PBXProject;
			attributes = {
				LastSwiftUpdateCheck = 1200;
				LastUpgradeCheck = 1200;
				TargetAttributes = {
					836097AC2538DA7B008CB79D = {
						CreatedOnToolsVersion = 12.0.1;
					};
					836097C02538DB93008CB79D = {
						CreatedOnToolsVersion = 12.0.1;
					};
					83BB028F2537E67200834BF5 = {
						CreatedOnToolsVersion = 12.0.1;
						LastSwiftMigration = 1200;
					};
					83BB02982537E67200834BF5 = {
						CreatedOnToolsVersion = 12.0.1;
					};
				};
			};
			buildConfigurationList = 83BB028A2537E67200834BF5 /* Build configuration list for PBXProject "SwiftDOM" */;
			compatibilityVersion = "Xcode 9.3";
			developmentRegion = en;
			hasScannedForEncodings = 0;
			knownRegions = (
				en,
				Base,
			);
			mainGroup = 83BB02862537E67200834BF5;
			packageReferences = (
				83BB02AC2537E6D200834BF5,
				836097B82538DB49008CB79D,
			);
			productRefGroup = 83BB02912537E67200834BF5 /* Products */;
			projectDirPath = "";
			projectRoot = "";
			targets = (
				83BB028F2537E67200834BF5 /* SwiftDOM */,
				83BB02982537E67200834BF5 /* SwiftDOMTests */,
				836097AC2538DA7B008CB79D /* DocFixer */,
				836097C02538DB93008CB79D /* All SwiftDOM */,
			);
		};
/* End PBXProject section */

/* Begin PBXResourcesBuildPhase section */
		83BB028E2537E67200834BF5 /* Resources */ = {
			isa = PBXResourcesBuildPhase;
			buildActionMask = 2147483647;
			files = (
			);
			runOnlyForDeploymentPostprocessing = 0;
		};
		83BB02972537E67200834BF5 /* Resources */ = {
			isa = PBXResourcesBuildPhase;
			buildActionMask = 2147483647;
			files = (
			);
			runOnlyForDeploymentPostprocessing = 0;
		};
/* End PBXResourcesBuildPhase section */

/* Begin PBXSourcesBuildPhase section */
		836097A92538DA7B008CB79D /* Sources */ = {
			isa = PBXSourcesBuildPhase;
			buildActionMask = 2147483647;
			files = (
				836097B02538DA7B008CB79D /* main.swift in Sources */,
			);
			runOnlyForDeploymentPostprocessing = 0;
		};
		83BB028C2537E67200834BF5 /* Sources */ = {
			isa = PBXSourcesBuildPhase;
			buildActionMask = 2147483647;
			files = (
				1117D846CFD13C85A132FDCD /* NodeTypes.swift in Sources */,
				1117D36FAF979A5DF9669DAE /* UserDataEvents.swift in Sources */,
				1117D5DC1F6F2A6E4BB51BF2 /* NamespaceSupport.swift in Sources */,
				1117D639BE496A3BD7B662C0 /* DOMLocatorImpl.swift in Sources */,
				1117D95E308B243E09808EE9 /* NodeImpl.swift in Sources */,
				1117DC85F3C204D4C82F0909 /* UserDataInfo.swift in Sources */,
				1117DFD38138DAB16E247859 /* ElementNodeImpl.swift in Sources */,
				1117DF17498E1A27928E13C7 /* DOMLocator.swift in Sources */,
				1117DDD2ABA1030191F7307F /* TypeInfo.swift in Sources */,
				1117DF4DCC068C24D1738C8B /* TypeDerivation.swift in Sources */,
				1117DC6ACEB353BA541C634E /* NotationNode.swift in Sources */,
				1117D01B45D252B8B7837C1F /* EntityNode.swift in Sources */,
				1117DA729AB01B0A6D60DB7B /* DocumentType.swift in Sources */,
				1117D39C35BE8A16D48F099E /* Node.swift in Sources */,
				1117D60641EAE0427A37F710 /* TextNode.swift in Sources */,
				1117D9DFAE1B0077349B5C3B /* CommentNode.swift in Sources */,
				1117D495D5AA35F43557CA1A /* CDataSectionNode.swift in Sources */,
				1117D37D31F62980067BBBE9 /* CharacterData.swift in Sources */,
				1117D2AC440C484FF6351A7E /* EntityRefNode.swift in Sources */,
				1117DB2692B4BA59E4F043F9 /* AnyNode.swift in Sources */,
				1117DB12FD608A3733F23370 /* DocumentNode.swift in Sources */,
				1117DF2561E31CDB32D1DC54 /* DocumentFragmentNode.swift in Sources */,
				1117DC6B9BB7DF7C9F649E2B /* AttributeNode.swift in Sources */,
				1117D0D88DB33046058BA8B3 /* ElementNode.swift in Sources */,
				1117D1159231C860D7412D0B /* ProcessingInstructionNode.swift in Sources */,
				1117DF817215F208C2EFE71E /* NamedNodeMap.swift in Sources */,
				1117D81EA92CA2D2F8D510F2 /* NodeList.swift in Sources */,
				1117DED61AED4F5DDEFF4493 /* AttributeNodeImpl.swift in Sources */,
				1117D069A07648477592B2A6 /* ChildNode.swift in Sources */,
				1117D49C09EE16CB0CA3FC58 /* NamespaceNode.swift in Sources */,
				1117D15D8FA2021F3E0D0DD6 /* ParentNode.swift in Sources */,
				1117D78E7104787DE2A36789 /* Utils.swift in Sources */,
				1117D6744A09843C75DB0A2F /* ElementNodeList.swift in Sources */,
				1117DF292C53965DE4A77D88 /* LiveNodeList.swift in Sources */,
				1117D84319C90889D765B4A3 /* AttributeNamedNodeMap.swift in Sources */,
				1117D05C6FE3DD7F1952D8EB /* TextNodeImpl.swift in Sources */,
				1117D0AB5EECDC2300066A50 /* CDataSectionNodeImpl.swift in Sources */,
				1117D12F6D4A9186C869B7A8 /* CommentNodeImpl.swift in Sources */,
				1117D7940498916B0462686D /* DocumentTypeNodeImpl.swift in Sources */,
				1117DFCEF5DE8ACDB0E0F4D1 /* DocumentNodeImpl.swift in Sources */,
				1117DA87254460D7A784574E /* DocumentFragmentNodeImpl.swift in Sources */,
				1117D1788091171607D29296 /* EntityNodeImpl.swift in Sources */,
				1117DA60B8A593150771CE82 /* NotationNodeImpl.swift in Sources */,
				1117D12EE0C8C0A1A18DAE69 /* ProcessingInstructionNodeImpl.swift in Sources */,
				1117DDE380889D928E763B84 /* EntityRefNodeImpl.swift in Sources */,
			);
			runOnlyForDeploymentPostprocessing = 0;
		};
		83BB02952537E67200834BF5 /* Sources */ = {
			isa = PBXSourcesBuildPhase;
			buildActionMask = 2147483647;
			files = (
				83BB029F2537E67200834BF5 /* SwiftDOMTests.swift in Sources */,
			);
			runOnlyForDeploymentPostprocessing = 0;
		};
/* End PBXSourcesBuildPhase section */

/* Begin PBXTargetDependency section */
		836097BF2538DB63008CB79D /* PBXTargetDependency */ = {
			isa = PBXTargetDependency;
			target = 83BB028F2537E67200834BF5 /* SwiftDOM */;
			targetProxy = 836097BE2538DB63008CB79D /* PBXContainerItemProxy */;
		};
		836097C92538DBAF008CB79D /* PBXTargetDependency */ = {
			isa = PBXTargetDependency;
			target = 83BB028F2537E67200834BF5 /* SwiftDOM */;
			targetProxy = 836097C82538DBAF008CB79D /* PBXContainerItemProxy */;
		};
		836097CB2538DBB1008CB79D /* PBXTargetDependency */ = {
			isa = PBXTargetDependency;
			target = 83BB02982537E67200834BF5 /* SwiftDOMTests */;
			targetProxy = 836097CA2538DBB1008CB79D /* PBXContainerItemProxy */;
		};
		836097CD2538DBB3008CB79D /* PBXTargetDependency */ = {
			isa = PBXTargetDependency;
			target = 836097AC2538DA7B008CB79D /* DocFixer */;
			targetProxy = 836097CC2538DBB3008CB79D /* PBXContainerItemProxy */;
		};
		83BB029C2537E67200834BF5 /* PBXTargetDependency */ = {
			isa = PBXTargetDependency;
			target = 83BB028F2537E67200834BF5 /* SwiftDOM */;
			targetProxy = 83BB029B2537E67200834BF5 /* PBXContainerItemProxy */;
		};
/* End PBXTargetDependency section */

/* Begin XCBuildConfiguration section */
		836097B22538DA7B008CB79D /* Debug */ = {
			isa = XCBuildConfiguration;
			buildSettings = {
				CODE_SIGN_STYLE = Automatic;
				DEVELOPMENT_TEAM = Q5XWZ7S7E9;
				ENABLE_HARDENED_RUNTIME = YES;
				PRODUCT_NAME = "$(TARGET_NAME)";
				SWIFT_VERSION = 5.0;
			};
			name = Debug;
		};
		836097B32538DA7B008CB79D /* Release */ = {
			isa = XCBuildConfiguration;
			buildSettings = {
				CODE_SIGN_STYLE = Automatic;
				DEVELOPMENT_TEAM = Q5XWZ7S7E9;
				ENABLE_HARDENED_RUNTIME = YES;
				PRODUCT_NAME = "$(TARGET_NAME)";
				SWIFT_VERSION = 5.0;
			};
			name = Release;
		};
		836097C22538DB93008CB79D /* Debug */ = {
			isa = XCBuildConfiguration;
			buildSettings = {
				CODE_SIGN_STYLE = Automatic;
				DEVELOPMENT_TEAM = Q5XWZ7S7E9;
				PRODUCT_NAME = "$(TARGET_NAME)";
			};
			name = Debug;
		};
		836097C32538DB93008CB79D /* Release */ = {
			isa = XCBuildConfiguration;
			buildSettings = {
				CODE_SIGN_STYLE = Automatic;
				DEVELOPMENT_TEAM = Q5XWZ7S7E9;
				PRODUCT_NAME = "$(TARGET_NAME)";
			};
			name = Release;
		};
		83BB02A22537E67200834BF5 /* Debug */ = {
			isa = XCBuildConfiguration;
			buildSettings = {
				ALWAYS_SEARCH_USER_PATHS = NO;
				CLANG_ANALYZER_NONNULL = YES;
				CLANG_ANALYZER_NUMBER_OBJECT_CONVERSION = YES_AGGRESSIVE;
				CLANG_CXX_LANGUAGE_STANDARD = "gnu++14";
				CLANG_CXX_LIBRARY = "libc++";
				CLANG_ENABLE_MODULES = YES;
				CLANG_ENABLE_OBJC_ARC = YES;
				CLANG_ENABLE_OBJC_WEAK = YES;
				CLANG_WARN_BLOCK_CAPTURE_AUTORELEASING = YES;
				CLANG_WARN_BOOL_CONVERSION = YES;
				CLANG_WARN_COMMA = YES;
				CLANG_WARN_CONSTANT_CONVERSION = YES;
				CLANG_WARN_DEPRECATED_OBJC_IMPLEMENTATIONS = YES;
				CLANG_WARN_DIRECT_OBJC_ISA_USAGE = YES_ERROR;
				CLANG_WARN_DOCUMENTATION_COMMENTS = YES;
				CLANG_WARN_EMPTY_BODY = YES;
				CLANG_WARN_ENUM_CONVERSION = YES;
				CLANG_WARN_INFINITE_RECURSION = YES;
				CLANG_WARN_INT_CONVERSION = YES;
				CLANG_WARN_NON_LITERAL_NULL_CONVERSION = YES;
				CLANG_WARN_OBJC_IMPLICIT_RETAIN_SELF = YES;
				CLANG_WARN_OBJC_LITERAL_CONVERSION = YES;
				CLANG_WARN_OBJC_ROOT_CLASS = YES_ERROR;
				CLANG_WARN_QUOTED_INCLUDE_IN_FRAMEWORK_HEADER = YES;
				CLANG_WARN_RANGE_LOOP_ANALYSIS = YES;
				CLANG_WARN_STRICT_PROTOTYPES = YES;
				CLANG_WARN_SUSPICIOUS_MOVE = YES;
				CLANG_WARN_UNGUARDED_AVAILABILITY = YES_AGGRESSIVE;
				CLANG_WARN_UNREACHABLE_CODE = YES;
				CLANG_WARN__DUPLICATE_METHOD_MATCH = YES;
				COPY_PHASE_STRIP = NO;
				CURRENT_PROJECT_VERSION = 1;
				DEBUG_INFORMATION_FORMAT = dwarf;
				ENABLE_STRICT_OBJC_MSGSEND = YES;
				ENABLE_TESTABILITY = YES;
				GCC_C_LANGUAGE_STANDARD = gnu11;
				GCC_DYNAMIC_NO_PIC = NO;
				GCC_NO_COMMON_BLOCKS = YES;
				GCC_OPTIMIZATION_LEVEL = 0;
				GCC_PREPROCESSOR_DEFINITIONS = (
					"DEBUG=1",
					"$(inherited)",
				);
				GCC_WARN_64_TO_32_BIT_CONVERSION = YES;
				GCC_WARN_ABOUT_RETURN_TYPE = YES_ERROR;
				GCC_WARN_UNDECLARED_SELECTOR = YES;
				GCC_WARN_UNINITIALIZED_AUTOS = YES_AGGRESSIVE;
				GCC_WARN_UNUSED_FUNCTION = YES;
				GCC_WARN_UNUSED_VARIABLE = YES;
				MACOSX_DEPLOYMENT_TARGET = 10.15;
				MTL_ENABLE_DEBUG_INFO = INCLUDE_SOURCE;
				MTL_FAST_MATH = YES;
				ONLY_ACTIVE_ARCH = YES;
				OTHER_SWIFT_FLAGS = "";
				SDKROOT = macosx;
				SWIFT_ACTIVE_COMPILATION_CONDITIONS = DEBUG;
				SWIFT_OPTIMIZATION_LEVEL = "-Onone";
				VERSIONING_SYSTEM = "apple-generic";
				VERSION_INFO_PREFIX = "";
			};
			name = Debug;
		};
		83BB02A32537E67200834BF5 /* Release */ = {
			isa = XCBuildConfiguration;
			buildSettings = {
				ALWAYS_SEARCH_USER_PATHS = NO;
				CLANG_ANALYZER_NONNULL = YES;
				CLANG_ANALYZER_NUMBER_OBJECT_CONVERSION = YES_AGGRESSIVE;
				CLANG_CXX_LANGUAGE_STANDARD = "gnu++14";
				CLANG_CXX_LIBRARY = "libc++";
				CLANG_ENABLE_MODULES = YES;
				CLANG_ENABLE_OBJC_ARC = YES;
				CLANG_ENABLE_OBJC_WEAK = YES;
				CLANG_WARN_BLOCK_CAPTURE_AUTORELEASING = YES;
				CLANG_WARN_BOOL_CONVERSION = YES;
				CLANG_WARN_COMMA = YES;
				CLANG_WARN_CONSTANT_CONVERSION = YES;
				CLANG_WARN_DEPRECATED_OBJC_IMPLEMENTATIONS = YES;
				CLANG_WARN_DIRECT_OBJC_ISA_USAGE = YES_ERROR;
				CLANG_WARN_DOCUMENTATION_COMMENTS = YES;
				CLANG_WARN_EMPTY_BODY = YES;
				CLANG_WARN_ENUM_CONVERSION = YES;
				CLANG_WARN_INFINITE_RECURSION = YES;
				CLANG_WARN_INT_CONVERSION = YES;
				CLANG_WARN_NON_LITERAL_NULL_CONVERSION = YES;
				CLANG_WARN_OBJC_IMPLICIT_RETAIN_SELF = YES;
				CLANG_WARN_OBJC_LITERAL_CONVERSION = YES;
				CLANG_WARN_OBJC_ROOT_CLASS = YES_ERROR;
				CLANG_WARN_QUOTED_INCLUDE_IN_FRAMEWORK_HEADER = YES;
				CLANG_WARN_RANGE_LOOP_ANALYSIS = YES;
				CLANG_WARN_STRICT_PROTOTYPES = YES;
				CLANG_WARN_SUSPICIOUS_MOVE = YES;
				CLANG_WARN_UNGUARDED_AVAILABILITY = YES_AGGRESSIVE;
				CLANG_WARN_UNREACHABLE_CODE = YES;
				CLANG_WARN__DUPLICATE_METHOD_MATCH = YES;
				COPY_PHASE_STRIP = NO;
				CURRENT_PROJECT_VERSION = 1;
				DEBUG_INFORMATION_FORMAT = "dwarf-with-dsym";
				ENABLE_NS_ASSERTIONS = NO;
				ENABLE_STRICT_OBJC_MSGSEND = YES;
				GCC_C_LANGUAGE_STANDARD = gnu11;
				GCC_NO_COMMON_BLOCKS = YES;
				GCC_WARN_64_TO_32_BIT_CONVERSION = YES;
				GCC_WARN_ABOUT_RETURN_TYPE = YES_ERROR;
				GCC_WARN_UNDECLARED_SELECTOR = YES;
				GCC_WARN_UNINITIALIZED_AUTOS = YES_AGGRESSIVE;
				GCC_WARN_UNUSED_FUNCTION = YES;
				GCC_WARN_UNUSED_VARIABLE = YES;
				MACOSX_DEPLOYMENT_TARGET = 10.15;
				MTL_ENABLE_DEBUG_INFO = NO;
				MTL_FAST_MATH = YES;
				OTHER_SWIFT_FLAGS = "";
				SDKROOT = macosx;
				SWIFT_ACTIVE_COMPILATION_CONDITIONS = RELEASE;
				SWIFT_COMPILATION_MODE = wholemodule;
				SWIFT_OPTIMIZATION_LEVEL = "-O";
				VERSIONING_SYSTEM = "apple-generic";
				VERSION_INFO_PREFIX = "";
			};
			name = Release;
		};
		83BB02A52537E67200834BF5 /* Debug */ = {
			isa = XCBuildConfiguration;
			buildSettings = {
				CLANG_ENABLE_MODULES = YES;
				CODE_SIGN_STYLE = Automatic;
				COMBINE_HIDPI_IMAGES = YES;
				DEFINES_MODULE = YES;
				DEVELOPMENT_TEAM = Q5XWZ7S7E9;
				DYLIB_COMPATIBILITY_VERSION = 1;
				DYLIB_CURRENT_VERSION = 1;
				DYLIB_INSTALL_NAME_BASE = "@rpath";
				INFOPLIST_FILE = Sources/SwiftDOM/Info.plist;
				INSTALL_PATH = "$(LOCAL_LIBRARY_DIR)/Frameworks";
				LD_RUNPATH_SEARCH_PATHS = (
					"$(inherited)",
					"@executable_path/../Frameworks",
					"@loader_path/Frameworks",
				);
				PRODUCT_BUNDLE_IDENTIFIER = com.projectgalen.SwiftDOM;
				PRODUCT_NAME = "$(TARGET_NAME:c99extidentifier)";
				SKIP_INSTALL = YES;
				SWIFT_OPTIMIZATION_LEVEL = "-Onone";
				SWIFT_VERSION = 5.0;
			};
			name = Debug;
		};
		83BB02A62537E67200834BF5 /* Release */ = {
			isa = XCBuildConfiguration;
			buildSettings = {
				CLANG_ENABLE_MODULES = YES;
				CODE_SIGN_STYLE = Automatic;
				COMBINE_HIDPI_IMAGES = YES;
				DEFINES_MODULE = YES;
				DEVELOPMENT_TEAM = Q5XWZ7S7E9;
				DYLIB_COMPATIBILITY_VERSION = 1;
				DYLIB_CURRENT_VERSION = 1;
				DYLIB_INSTALL_NAME_BASE = "@rpath";
				INFOPLIST_FILE = Sources/SwiftDOM/Info.plist;
				INSTALL_PATH = "$(LOCAL_LIBRARY_DIR)/Frameworks";
				LD_RUNPATH_SEARCH_PATHS = (
					"$(inherited)",
					"@executable_path/../Frameworks",
					"@loader_path/Frameworks",
				);
				PRODUCT_BUNDLE_IDENTIFIER = com.projectgalen.SwiftDOM;
				PRODUCT_NAME = "$(TARGET_NAME:c99extidentifier)";
				SKIP_INSTALL = YES;
				SWIFT_VERSION = 5.0;
			};
			name = Release;
		};
		83BB02A82537E67200834BF5 /* Debug */ = {
			isa = XCBuildConfiguration;
			buildSettings = {
				CODE_SIGN_STYLE = Automatic;
				COMBINE_HIDPI_IMAGES = YES;
				DEVELOPMENT_TEAM = Q5XWZ7S7E9;
				INFOPLIST_FILE = Tests/SwiftDOMTests/Info.plist;
				LD_RUNPATH_SEARCH_PATHS = (
					"$(inherited)",
					"@executable_path/../Frameworks",
					"@loader_path/../Frameworks",
				);
				PRODUCT_BUNDLE_IDENTIFIER = com.projectgalen.SwiftDOMTests;
				PRODUCT_NAME = "$(TARGET_NAME)";
				SWIFT_VERSION = 5.0;
			};
			name = Debug;
		};
		83BB02A92537E67200834BF5 /* Release */ = {
			isa = XCBuildConfiguration;
			buildSettings = {
				CODE_SIGN_STYLE = Automatic;
				COMBINE_HIDPI_IMAGES = YES;
				DEVELOPMENT_TEAM = Q5XWZ7S7E9;
				INFOPLIST_FILE = Tests/SwiftDOMTests/Info.plist;
				LD_RUNPATH_SEARCH_PATHS = (
					"$(inherited)",
					"@executable_path/../Frameworks",
					"@loader_path/../Frameworks",
				);
				PRODUCT_BUNDLE_IDENTIFIER = com.projectgalen.SwiftDOMTests;
				PRODUCT_NAME = "$(TARGET_NAME)";
				SWIFT_VERSION = 5.0;
			};
			name = Release;
		};
/* End XCBuildConfiguration section */

/* Begin XCConfigurationList section */
		836097B12538DA7B008CB79D /* Build configuration list for PBXNativeTarget "DocFixer" */ = {
			isa = XCConfigurationList;
			buildConfigurations = (
				836097B22538DA7B008CB79D /* Debug */,
				836097B32538DA7B008CB79D /* Release */,
			);
			defaultConfigurationIsVisible = 0;
			defaultConfigurationName = Release;
		};
		836097C12538DB93008CB79D /* Build configuration list for PBXAggregateTarget "All SwiftDOM" */ = {
			isa = XCConfigurationList;
			buildConfigurations = (
				836097C22538DB93008CB79D /* Debug */,
				836097C32538DB93008CB79D /* Release */,
			);
			defaultConfigurationIsVisible = 0;
			defaultConfigurationName = Release;
		};
		83BB028A2537E67200834BF5 /* Build configuration list for PBXProject "SwiftDOM" */ = {
			isa = XCConfigurationList;
			buildConfigurations = (
				83BB02A22537E67200834BF5 /* Debug */,
				83BB02A32537E67200834BF5 /* Release */,
			);
			defaultConfigurationIsVisible = 0;
			defaultConfigurationName = Release;
		};
		83BB02A42537E67200834BF5 /* Build configuration list for PBXNativeTarget "SwiftDOM" */ = {
			isa = XCConfigurationList;
			buildConfigurations = (
				83BB02A52537E67200834BF5 /* Debug */,
				83BB02A62537E67200834BF5 /* Release */,
			);
			defaultConfigurationIsVisible = 0;
			defaultConfigurationName = Release;
		};
		83BB02A72537E67200834BF5 /* Build configuration list for PBXNativeTarget "SwiftDOMTests" */ = {
			isa = XCConfigurationList;
			buildConfigurations = (
				83BB02A82537E67200834BF5 /* Debug */,
				83BB02A92537E67200834BF5 /* Release */,
			);
			defaultConfigurationIsVisible = 0;
			defaultConfigurationName = Release;
		};
/* End XCConfigurationList section */

/* Begin XCRemoteSwiftPackageReference section */
		836097B82538DB49008CB79D = {
			isa = XCRemoteSwiftPackageReference;
			repositoryURL = "https://github.com/GalenRhodes/PGDocFixer.git";
			requirement = {
				kind = upToNextMajorVersion;
				minimumVersion = 1.0.2;
			};
		};
		83BB02AC2537E6D200834BF5 = {
			isa = XCRemoteSwiftPackageReference;
			repositoryURL = "https://github.com/GalenRhodes/Rubicon.git";
			requirement = {
				kind = upToNextMajorVersion;
				minimumVersion = 0.2.27;
			};
		};
/* End XCRemoteSwiftPackageReference section */

/* Begin XCSwiftPackageProductDependency section */
		836097B92538DB49008CB79D = {
			isa = XCSwiftPackageProductDependency;
			package = 836097B82538DB49008CB79D;
			productName = PGDocFixer;
		};
		83BB02AD2537E6D200834BF5 = {
			isa = XCSwiftPackageProductDependency;
			package = 83BB02AC2537E6D200834BF5;
			productName = Rubicon;
		};
/* End XCSwiftPackageProductDependency section */
	};
	rootObject = 83BB02872537E67200834BF5 /* Project object */;
}
