{
  "object": {
    "pins": [
      {
        "package": "LibXML2Helper",
        "repositoryURL": "https://github.com/GalenRhodes/LibXML2Helper.git",
        "state": {
          "branch": null,
          "revision": "42c2949a8f3ddd4e276917307856a8fe08f5b4ec",
          "version": "1.1.0"
        }
      },
      {
        "package": "PGDocFixer",
        "repositoryURL": "https://github.com/GalenRhodes/PGDocFixer.git",
        "state": {
          "branch": null,
          "revision": "ca7d23bf4790c900a4da22f596ea16ae4c6ca06e",
          "version": "1.0.3"
        }
      },
      {
        "package": "RingBuffer",
        "repositoryURL": "https://github.com/GalenRhodes/RingBuffer",
        "state": {
          "branch": null,
          "revision": "dc0a49844bb3c6dece170af10f586007f471019a",
          "version": "1.0.6"
        }
      },
      {
        "package": "Rubicon",
        "repositoryURL": "https://github.com/GalenRhodes/Rubicon.git",
        "state": {
          "branch": null,
          "revision": "471584b63ab901cd35f0bbc873ed58d3bf166f3e",
          "version": "0.2.36"
        }
      }
    ]
  },
  "version": 1
}
